{
  "name": "outlook-generator",
  "version": "1.0.0",
  "lockfileVersion": 2,
  "requires": true,
  "packages": {
    "": {
      "version": "1.0.0",
      "license": "ISC",
      "dependencies": {
        "colors": "^1.4.0",
        "node-random-name": "^1.0.1",
        "secure-random-password": "^0.2.3"
      }
    },
    "node_modules/alea": {
      "version": "0.0.9",
      "resolved": "https://registry.npmjs.org/alea/-/alea-0.0.9.tgz",
      "integrity": "sha1-9zjLRfg0MAafRc9pzL8xLdV6nho="
    },
    "node_modules/colors": {
      "version": "1.4.0",
      "resolved": "https://registry.npmjs.org/colors/-/colors-1.4.0.tgz",
      "integrity": "sha512-a+UqTh4kgZg/SlGvfbzDHpgRu7AAQOmmqRHJnxhRZICKFUT91brVhNNt58CMWU9PsBbv3PDCZUHbVxuDiH2mtA==",
      "engines": {
        "node": ">=0.1.90"
      }
    },
    "node_modules/node-random-name": {
      "version": "1.0.1",
      "resolved": "https://registry.npmjs.org/node-random-name/-/node-random-name-1.0.1.tgz",
      "integrity": "sha1-niQEx6AeCQWi92Fogh7bLc0U91g=",
      "dependencies": {
        "alea": "0.0.9"
      }
    },
    "node_modules/secure-random": {
      "version": "1.1.2",
      "resolved": "https://registry.npmjs.org/secure-random/-/secure-random-1.1.2.tgz",
      "integrity": "sha512-H2bdSKERKdBV1SwoqYm6C0y+9EA94v6SUBOWO8kDndc4NoUih7Dv6Tsgma7zO1lv27wIvjlD0ZpMQk7um5dheQ=="
    },
    "node_modules/secure-random-password": {
      "version": "0.2.3",
      "resolved": "https://registry.npmjs.org/secure-random-password/-/secure-random-password-0.2.3.tgz",
      "integrity": "sha512-2zpmr6pK3CZGIS9fgApFw00/tKEBVbJTqe4AZLrLNgahCK6ueIR5uMzvbERNibr8hkWneMcOqDcm4wpHWUxrYw==",
      "dependencies": {
        "secure-random": "^1.1.2"
      }
    }
  },
  "dependencies": {
    "alea": {
      "version": "0.0.9",
      "resolved": "https://registry.npmjs.org/alea/-/alea-0.0.9.tgz",
      "integrity": "sha1-9zjLRfg0MAafRc9pzL8xLdV6nho="
    },
    "colors": {
      "version": "1.4.0",
      "resolved": "https://registry.npmjs.org/colors/-/colors-1.4.0.tgz",
      "integrity": "sha512-a+UqTh4kgZg/SlGvfbzDHpgRu7AAQOmmqRHJnxhRZICKFUT91brVhNNt58CMWU9PsBbv3PDCZUHbVxuDiH2mtA=="
    },
    "node-random-name": {
      "version": "1.0.1",
      "resolved": "https://registry.npmjs.org/node-random-name/-/node-random-name-1.0.1.tgz",
      "integrity": "sha1-niQEx6AeCQWi92Fogh7bLc0U91g=",
      "requires": {
        "alea": "0.0.9"
      }
    },
    "secure-random": {
      "version": "1.1.2",
      "resolved": "https://registry.npmjs.org/secure-random/-/secure-random-1.1.2.tgz",
      "integrity": "sha512-H2bdSKERKdBV1SwoqYm6C0y+9EA94v6SUBOWO8kDndc4NoUih7Dv6Tsgma7zO1lv27wIvjlD0ZpMQk7um5dheQ=="
    },
    "secure-random-password": {
      "version": "0.2.3",
      "resolved": "https://registry.npmjs.org/secure-random-password/-/secure-random-password-0.2.3.tgz",
      "integrity": "sha512-2zpmr6pK3CZGIS9fgApFw00/tKEBVbJTqe4AZLrLNgahCK6ueIR5uMzvbERNibr8hkWneMcOqDcm4wpHWUxrYw==",
      "requires": {
        "secure-random": "^1.1.2"
      }
    }
  }
}
